
Microsoft Visual Studio Solution File, Format Version 10.00
# Visual Studio 2008
Project("{8BC9CEB8-8B4A-11D0-8D11-00A0C91BC942}") = "TracerTest", "TracerTest.vcproj", "{FCA32E5D-A591-4537-9569-CA29B6732189}"
	ProjectSection(ProjectDependencies) = postProject
		{11111326-21C3-47A9-AF29-6203FA71B283} = {11111326-21C3-47A9-AF29-6203FA71B283}
		{ECD5F12E-045E-4D08-ADEC-D7D572B016B1} = {ECD5F12E-045E-4D08-ADEC-D7D572B016B1}
	EndProjectSection
EndProject
Project("{8BC9CEB8-8B4A-11D0-8D11-00A0C91BC942}") = "Tracer", "..\Tracer\Tracer.vcproj", "{11111326-21C3-47A9-AF29-6203FA71B283}"
EndProject
Project("{8BC9CEB8-8B4A-11D0-8D11-00A0C91BC942}") = "Trace2Log", "..\Trace2Log\Trace2Log.vcproj", "{CBF86B48-2B5C-4EFA-AF7B-4C8E778821F8}"
	ProjectSection(ProjectDependencies) = postProject
		{11111326-21C3-47A9-AF29-6203FA71B283} = {11111326-21C3-47A9-AF29-6203FA71B283}
	EndProjectSection
EndProject
Project("{8BC9CEB8-8B4A-11D0-8D11-00A0C91BC942}") = "Mt", "..\Mt\Mt.vcproj", "{ECD5F12E-045E-4D08-ADEC-D7D572B016B1}"
EndProject
Global
	GlobalSection(SolutionConfigurationPlatforms) = preSolution
		Debug|Win32 = Debug|Win32
		Debug|x64 = Debug|x64
		Release|Win32 = Release|Win32
		Release|x64 = Release|x64
	EndGlobalSection
	GlobalSection(ProjectConfigurationPlatforms) = postSolution
		{FCA32E5D-A591-4537-9569-CA29B6732189}.Debug|Win32.ActiveCfg = Debug|Win32
		{FCA32E5D-A591-4537-9569-CA29B6732189}.Debug|Win32.Build.0 = Debug|Win32
		{FCA32E5D-A591-4537-9569-CA29B6732189}.Debug|x64.ActiveCfg = Debug|x64
		{FCA32E5D-A591-4537-9569-CA29B6732189}.Debug|x64.Build.0 = Debug|x64
		{FCA32E5D-A591-4537-9569-CA29B6732189}.Release|Win32.ActiveCfg = Release|Win32
		{FCA32E5D-A591-4537-9569-CA29B6732189}.Release|Win32.Build.0 = Release|Win32
		{FCA32E5D-A591-4537-9569-CA29B6732189}.Release|x64.ActiveCfg = Release|x64
		{FCA32E5D-A591-4537-9569-CA29B6732189}.Release|x64.Build.0 = Release|x64
		{11111326-21C3-47A9-AF29-6203FA71B283}.Debug|Win32.ActiveCfg = Debug|Win32
		{11111326-21C3-47A9-AF29-6203FA71B283}.Debug|Win32.Build.0 = Debug|Win32
		{11111326-21C3-47A9-AF29-6203FA71B283}.Debug|x64.ActiveCfg = Debug|x64
		{11111326-21C3-47A9-AF29-6203FA71B283}.Debug|x64.Build.0 = Debug|x64
		{11111326-21C3-47A9-AF29-6203FA71B283}.Release|Win32.ActiveCfg = Release|Win32
		{11111326-21C3-47A9-AF29-6203FA71B283}.Release|Win32.Build.0 = Release|Win32
		{11111326-21C3-47A9-AF29-6203FA71B283}.Release|x64.ActiveCfg = Release|x64
		{11111326-21C3-47A9-AF29-6203FA71B283}.Release|x64.Build.0 = Release|x64
		{CBF86B48-2B5C-4EFA-AF7B-4C8E778821F8}.Debug|Win32.ActiveCfg = Debug|Win32
		{CBF86B48-2B5C-4EFA-AF7B-4C8E778821F8}.Debug|Win32.Build.0 = Debug|Win32
		{CBF86B48-2B5C-4EFA-AF7B-4C8E778821F8}.Debug|x64.ActiveCfg = Debug|Win32
		{CBF86B48-2B5C-4EFA-AF7B-4C8E778821F8}.Release|Win32.ActiveCfg = Release|Win32
		{CBF86B48-2B5C-4EFA-AF7B-4C8E778821F8}.Release|Win32.Build.0 = Release|Win32
		{CBF86B48-2B5C-4EFA-AF7B-4C8E778821F8}.Release|x64.ActiveCfg = Release|Win32
		{ECD5F12E-045E-4D08-ADEC-D7D572B016B1}.Debug|Win32.ActiveCfg = Debug|Win32
		{ECD5F12E-045E-4D08-ADEC-D7D572B016B1}.Debug|Win32.Build.0 = Debug|Win32
		{ECD5F12E-045E-4D08-ADEC-D7D572B016B1}.Debug|x64.ActiveCfg = Debug|Win32
		{ECD5F12E-045E-4D08-ADEC-D7D572B016B1}.Release|Win32.ActiveCfg = Release|Win32
		{ECD5F12E-045E-4D08-ADEC-D7D572B016B1}.Release|Win32.Build.0 = Release|Win32
		{ECD5F12E-045E-4D08-ADEC-D7D572B016B1}.Release|x64.ActiveCfg = Release|Win32
	EndGlobalSection
	GlobalSection(SolutionProperties) = preSolution
		HideSolutionNode = FALSE
	EndGlobalSection
EndGlobal
